// !$*UTF8*$!
{
	archiveVersion = 1;
	classes = {
	};
	objectVersion = 50;
	objects = {

/* Begin PBXBuildFile section */
		FA2A2031258A8CEB00979956 /* ApiManagerTests.swift in Sources */ = {isa = PBXBuildFile; fileRef = FA2A2030258A8CEB00979956 /* ApiManagerTests.swift */; };
		FA2A203A258A92A500979956 /* ApiManagerTestFake.swift in Sources */ = {isa = PBXBuildFile; fileRef = FA2A2039258A92A500979956 /* ApiManagerTestFake.swift */; };
		FA2A2042258AA0CF00979956 /* ApiImageDownloaderTestFake.swift in Sources */ = {isa = PBXBuildFile; fileRef = FA2A2041258AA0CF00979956 /* ApiImageDownloaderTestFake.swift */; };
		FA2A2046258AA48D00979956 /* ApiImageDownloaderTests.swift in Sources */ = {isa = PBXBuildFile; fileRef = FA2A2045258AA48D00979956 /* ApiImageDownloaderTests.swift */; };
		FA2A2048258AA79800979956 /* ResponseDecoderTests.swift in Sources */ = {isa = PBXBuildFile; fileRef = FA2A2047258AA79800979956 /* ResponseDecoderTests.swift */; };
		FA2A9CED258BA6D7001DA373 /* PhotosListPresenterTests.swift in Sources */ = {isa = PBXBuildFile; fileRef = FA2A9CEC258BA6D7001DA373 /* PhotosListPresenterTests.swift */; };
		FA2A9CEF258BB095001DA373 /* PhotosListAssemblyTests.swift in Sources */ = {isa = PBXBuildFile; fileRef = FA2A9CEE258BB095001DA373 /* PhotosListAssemblyTests.swift */; };
		FA2A9CF7258BC56C001DA373 /* PhotosListViewControllerTests.swift in Sources */ = {isa = PBXBuildFile; fileRef = FA2A9CF6258BC56C001DA373 /* PhotosListViewControllerTests.swift */; };
		FA2A9CFF258BDFF6001DA373 /* PhotoDetailsViewControllerTests.swift in Sources */ = {isa = PBXBuildFile; fileRef = FA2A9CFE258BDFF6001DA373 /* PhotoDetailsViewControllerTests.swift */; };
		FA3A00E0258B6F11009C8E5C /* PhotosResponse.json in Resources */ = {isa = PBXBuildFile; fileRef = FA3A00DD258B6F11009C8E5C /* PhotosResponse.json */; };
		FA3A00E1258B6F11009C8E5C /* PhotoResponse.json in Resources */ = {isa = PBXBuildFile; fileRef = FA3A00DE258B6F11009C8E5C /* PhotoResponse.json */; };
		FA3A00E5258B6FCE009C8E5C /* PhotoResponse.json in Resources */ = {isa = PBXBuildFile; fileRef = FA3A00DE258B6F11009C8E5C /* PhotoResponse.json */; };
		FA3A00E6258B6FD0009C8E5C /* PhotosResponse.json in Resources */ = {isa = PBXBuildFile; fileRef = FA3A00DD258B6F11009C8E5C /* PhotosResponse.json */; };
		FA3A00E8258B7212009C8E5C /* PhotosDaoTests.swift in Sources */ = {isa = PBXBuildFile; fileRef = FA3A00E7258B7212009C8E5C /* PhotosDaoTests.swift */; };
		FA3A00EA258B78E9009C8E5C /* PhotoDetailsViewControllerTests.swift in Sources */ = {isa = PBXBuildFile; fileRef = FA3A00E9258B78E9009C8E5C /* PhotoDetailsViewControllerTests.swift */; };
		FA3A00EC258B8712009C8E5C /* PhotoDetailsPresenterTests.swift in Sources */ = {isa = PBXBuildFile; fileRef = FA3A00EB258B8712009C8E5C /* PhotoDetailsPresenterTests.swift */; };
		FA3A00EF258B8F6F009C8E5C /* PhotoDetailsAssemblyTests.swift in Sources */ = {isa = PBXBuildFile; fileRef = FA3A00EE258B8F6F009C8E5C /* PhotoDetailsAssemblyTests.swift */; };
		FA3A00F1258B92FA009C8E5C /* PhotosListViewControllerTests.swift in Sources */ = {isa = PBXBuildFile; fileRef = FA3A00F0258B92FA009C8E5C /* PhotosListViewControllerTests.swift */; };
		FA434F09257FA102008A399A /* AppDelegate.swift in Sources */ = {isa = PBXBuildFile; fileRef = FA434F08257FA102008A399A /* AppDelegate.swift */; };
		FA434F0D257FA102008A399A /* PhotosListViewController.swift in Sources */ = {isa = PBXBuildFile; fileRef = FA434F0C257FA102008A399A /* PhotosListViewController.swift */; };
		FA434F12257FA106008A399A /* Assets.xcassets in Resources */ = {isa = PBXBuildFile; fileRef = FA434F11257FA106008A399A /* Assets.xcassets */; };
		FA434F15257FA106008A399A /* LaunchScreen.storyboard in Resources */ = {isa = PBXBuildFile; fileRef = FA434F13257FA106008A399A /* LaunchScreen.storyboard */; };
		FA434F25257FB75E008A399A /* PhotosListAssembly.swift in Sources */ = {isa = PBXBuildFile; fileRef = FA434F24257FB75E008A399A /* PhotosListAssembly.swift */; };
		FA434F2D257FBA3A008A399A /* PhotosListPresenter.swift in Sources */ = {isa = PBXBuildFile; fileRef = FA434F2C257FBA3A008A399A /* PhotosListPresenter.swift */; };
		FA434F2F257FBD2D008A399A /* Photo.swift in Sources */ = {isa = PBXBuildFile; fileRef = FA434F2E257FBD2D008A399A /* Photo.swift */; };
		FA434F31257FC107008A399A /* ApiManager.swift in Sources */ = {isa = PBXBuildFile; fileRef = FA434F30257FC107008A399A /* ApiManager.swift */; };
		FA434F36257FC412008A399A /* Errors.swift in Sources */ = {isa = PBXBuildFile; fileRef = FA434F35257FC412008A399A /* Errors.swift */; };
		FA434F38257FC464008A399A /* PhotosDao.swift in Sources */ = {isa = PBXBuildFile; fileRef = FA434F37257FC464008A399A /* PhotosDao.swift */; };
		FA434F3A257FC49F008A399A /* ResponseDecoder.swift in Sources */ = {isa = PBXBuildFile; fileRef = FA434F39257FC49F008A399A /* ResponseDecoder.swift */; };
		FA434F3F257FD31F008A399A /* ApiImageDownloader.swift in Sources */ = {isa = PBXBuildFile; fileRef = FA434F3E257FD31F008A399A /* ApiImageDownloader.swift */; };
		FA434F43257FEE00008A399A /* PhotoTableViewCell.swift in Sources */ = {isa = PBXBuildFile; fileRef = FA434F42257FEE00008A399A /* PhotoTableViewCell.swift */; };
		FA434F45257FEE5D008A399A /* UITableView+DequeByType.swift in Sources */ = {isa = PBXBuildFile; fileRef = FA434F44257FEE5D008A399A /* UITableView+DequeByType.swift */; };
		FA434F47257FF8CC008A399A /* PhotoListItem.swift in Sources */ = {isa = PBXBuildFile; fileRef = FA434F46257FF8CC008A399A /* PhotoListItem.swift */; };
		FA4A6C932580E9AB00B6C3D2 /* PhotoDetailsViewController.swift in Sources */ = {isa = PBXBuildFile; fileRef = FA4A6C922580E9AB00B6C3D2 /* PhotoDetailsViewController.swift */; };
		FA4A6C952580E9CF00B6C3D2 /* PhotoDetails.swift in Sources */ = {isa = PBXBuildFile; fileRef = FA4A6C942580E9CF00B6C3D2 /* PhotoDetails.swift */; };
		FA4A6C972580EB3E00B6C3D2 /* PhotoDetailsAssembly.swift in Sources */ = {isa = PBXBuildFile; fileRef = FA4A6C962580EB3E00B6C3D2 /* PhotoDetailsAssembly.swift */; };
		FA4A6C992580EE6300B6C3D2 /* PhotoDetailsPresenter.swift in Sources */ = {isa = PBXBuildFile; fileRef = FA4A6C982580EE6300B6C3D2 /* PhotoDetailsPresenter.swift */; };
		FA595885258A3C3600B00619 /* UIDevice+GetOrientation.swift in Sources */ = {isa = PBXBuildFile; fileRef = FA595884258A3C3600B00619 /* UIDevice+GetOrientation.swift */; };
/* End PBXBuildFile section */

/* Begin PBXContainerItemProxy section */
		FA2A2033258A8CEB00979956 /* PBXContainerItemProxy */ = {
			isa = PBXContainerItemProxy;
			containerPortal = FA434EFD257FA102008A399A /* Project object */;
			proxyType = 1;
			remoteGlobalIDString = FA434F04257FA102008A399A;
			remoteInfo = MVPFirst;
		};
		FA2A9CF9258BC56C001DA373 /* PBXContainerItemProxy */ = {
			isa = PBXContainerItemProxy;
			containerPortal = FA434EFD257FA102008A399A /* Project object */;
			proxyType = 1;
			remoteGlobalIDString = FA434F04257FA102008A399A;
			remoteInfo = MVPFirst;
		};
/* End PBXContainerItemProxy section */

/* Begin PBXFileReference section */
		FA2A202E258A8CEB00979956 /* MVPFirstUnitTests.xctest */ = {isa = PBXFileReference; explicitFileType = wrapper.cfbundle; includeInIndex = 0; path = MVPFirstUnitTests.xctest; sourceTree = BUILT_PRODUCTS_DIR; };
		FA2A2030258A8CEB00979956 /* ApiManagerTests.swift */ = {isa = PBXFileReference; lastKnownFileType = sourcecode.swift; path = ApiManagerTests.swift; sourceTree = "<group>"; };
		FA2A2032258A8CEB00979956 /* Info.plist */ = {isa = PBXFileReference; lastKnownFileType = text.plist.xml; path = Info.plist; sourceTree = "<group>"; };
		FA2A2039258A92A500979956 /* ApiManagerTestFake.swift */ = {isa = PBXFileReference; lastKnownFileType = sourcecode.swift; path = ApiManagerTestFake.swift; sourceTree = "<group>"; };
		FA2A2041258AA0CF00979956 /* ApiImageDownloaderTestFake.swift */ = {isa = PBXFileReference; lastKnownFileType = sourcecode.swift; path = ApiImageDownloaderTestFake.swift; sourceTree = "<group>"; };
		FA2A2045258AA48D00979956 /* ApiImageDownloaderTests.swift */ = {isa = PBXFileReference; lastKnownFileType = sourcecode.swift; path = ApiImageDownloaderTests.swift; sourceTree = "<group>"; };
		FA2A2047258AA79800979956 /* ResponseDecoderTests.swift */ = {isa = PBXFileReference; lastKnownFileType = sourcecode.swift; path = ResponseDecoderTests.swift; sourceTree = "<group>"; };
		FA2A9CEC258BA6D7001DA373 /* PhotosListPresenterTests.swift */ = {isa = PBXFileReference; lastKnownFileType = sourcecode.swift; path = PhotosListPresenterTests.swift; sourceTree = "<group>"; };
		FA2A9CEE258BB095001DA373 /* PhotosListAssemblyTests.swift */ = {isa = PBXFileReference; lastKnownFileType = sourcecode.swift; path = PhotosListAssemblyTests.swift; sourceTree = "<group>"; };
		FA2A9CF4258BC56C001DA373 /* MVPFirstUITests.xctest */ = {isa = PBXFileReference; explicitFileType = wrapper.cfbundle; includeInIndex = 0; path = MVPFirstUITests.xctest; sourceTree = BUILT_PRODUCTS_DIR; };
		FA2A9CF6258BC56C001DA373 /* PhotosListViewControllerTests.swift */ = {isa = PBXFileReference; lastKnownFileType = sourcecode.swift; path = PhotosListViewControllerTests.swift; sourceTree = "<group>"; };
		FA2A9CF8258BC56C001DA373 /* Info.plist */ = {isa = PBXFileReference; lastKnownFileType = text.plist.xml; path = Info.plist; sourceTree = "<group>"; };
		FA2A9CFE258BDFF6001DA373 /* PhotoDetailsViewControllerTests.swift */ = {isa = PBXFileReference; lastKnownFileType = sourcecode.swift; path = PhotoDetailsViewControllerTests.swift; sourceTree = "<group>"; };
		FA3A00DD258B6F11009C8E5C /* PhotosResponse.json */ = {isa = PBXFileReference; fileEncoding = 4; lastKnownFileType = text.json; path = PhotosResponse.json; sourceTree = "<group>"; };
		FA3A00DE258B6F11009C8E5C /* PhotoResponse.json */ = {isa = PBXFileReference; fileEncoding = 4; lastKnownFileType = text.json; path = PhotoResponse.json; sourceTree = "<group>"; };
		FA3A00E7258B7212009C8E5C /* PhotosDaoTests.swift */ = {isa = PBXFileReference; lastKnownFileType = sourcecode.swift; path = PhotosDaoTests.swift; sourceTree = "<group>"; };
		FA3A00E9258B78E9009C8E5C /* PhotoDetailsViewControllerTests.swift */ = {isa = PBXFileReference; lastKnownFileType = sourcecode.swift; path = PhotoDetailsViewControllerTests.swift; sourceTree = "<group>"; };
		FA3A00EB258B8712009C8E5C /* PhotoDetailsPresenterTests.swift */ = {isa = PBXFileReference; lastKnownFileType = sourcecode.swift; path = PhotoDetailsPresenterTests.swift; sourceTree = "<group>"; };
		FA3A00EE258B8F6F009C8E5C /* PhotoDetailsAssemblyTests.swift */ = {isa = PBXFileReference; lastKnownFileType = sourcecode.swift; path = PhotoDetailsAssemblyTests.swift; sourceTree = "<group>"; };
		FA3A00F0258B92FA009C8E5C /* PhotosListViewControllerTests.swift */ = {isa = PBXFileReference; lastKnownFileType = sourcecode.swift; path = PhotosListViewControllerTests.swift; sourceTree = "<group>"; };
		FA434F05257FA102008A399A /* MVPFirst.app */ = {isa = PBXFileReference; explicitFileType = wrapper.application; includeInIndex = 0; path = MVPFirst.app; sourceTree = BUILT_PRODUCTS_DIR; };
		FA434F08257FA102008A399A /* AppDelegate.swift */ = {isa = PBXFileReference; lastKnownFileType = sourcecode.swift; path = AppDelegate.swift; sourceTree = "<group>"; };
		FA434F0C257FA102008A399A /* PhotosListViewController.swift */ = {isa = PBXFileReference; lastKnownFileType = sourcecode.swift; path = PhotosListViewController.swift; sourceTree = "<group>"; };
		FA434F11257FA106008A399A /* Assets.xcassets */ = {isa = PBXFileReference; lastKnownFileType = folder.assetcatalog; path = Assets.xcassets; sourceTree = "<group>"; };
		FA434F14257FA106008A399A /* Base */ = {isa = PBXFileReference; lastKnownFileType = file.storyboard; name = Base; path = Base.lproj/LaunchScreen.storyboard; sourceTree = "<group>"; };
		FA434F16257FA106008A399A /* Info.plist */ = {isa = PBXFileReference; lastKnownFileType = text.plist.xml; path = Info.plist; sourceTree = "<group>"; };
		FA434F24257FB75E008A399A /* PhotosListAssembly.swift */ = {isa = PBXFileReference; lastKnownFileType = sourcecode.swift; path = PhotosListAssembly.swift; sourceTree = "<group>"; };
		FA434F2C257FBA3A008A399A /* PhotosListPresenter.swift */ = {isa = PBXFileReference; lastKnownFileType = sourcecode.swift; path = PhotosListPresenter.swift; sourceTree = "<group>"; };
		FA434F2E257FBD2D008A399A /* Photo.swift */ = {isa = PBXFileReference; lastKnownFileType = sourcecode.swift; path = Photo.swift; sourceTree = "<group>"; };
		FA434F30257FC107008A399A /* ApiManager.swift */ = {isa = PBXFileReference; lastKnownFileType = sourcecode.swift; path = ApiManager.swift; sourceTree = "<group>"; };
		FA434F35257FC412008A399A /* Errors.swift */ = {isa = PBXFileReference; lastKnownFileType = sourcecode.swift; path = Errors.swift; sourceTree = "<group>"; };
		FA434F37257FC464008A399A /* PhotosDao.swift */ = {isa = PBXFileReference; lastKnownFileType = sourcecode.swift; path = PhotosDao.swift; sourceTree = "<group>"; };
		FA434F39257FC49F008A399A /* ResponseDecoder.swift */ = {isa = PBXFileReference; lastKnownFileType = sourcecode.swift; path = ResponseDecoder.swift; sourceTree = "<group>"; };
		FA434F3E257FD31F008A399A /* ApiImageDownloader.swift */ = {isa = PBXFileReference; lastKnownFileType = sourcecode.swift; path = ApiImageDownloader.swift; sourceTree = "<group>"; };
		FA434F42257FEE00008A399A /* PhotoTableViewCell.swift */ = {isa = PBXFileReference; lastKnownFileType = sourcecode.swift; path = PhotoTableViewCell.swift; sourceTree = "<group>"; };
		FA434F44257FEE5D008A399A /* UITableView+DequeByType.swift */ = {isa = PBXFileReference; lastKnownFileType = sourcecode.swift; path = "UITableView+DequeByType.swift"; sourceTree = "<group>"; };
		FA434F46257FF8CC008A399A /* PhotoListItem.swift */ = {isa = PBXFileReference; lastKnownFileType = sourcecode.swift; path = PhotoListItem.swift; sourceTree = "<group>"; };
		FA4A6C922580E9AB00B6C3D2 /* PhotoDetailsViewController.swift */ = {isa = PBXFileReference; lastKnownFileType = sourcecode.swift; path = PhotoDetailsViewController.swift; sourceTree = "<group>"; };
		FA4A6C942580E9CF00B6C3D2 /* PhotoDetails.swift */ = {isa = PBXFileReference; lastKnownFileType = sourcecode.swift; path = PhotoDetails.swift; sourceTree = "<group>"; };
		FA4A6C962580EB3E00B6C3D2 /* PhotoDetailsAssembly.swift */ = {isa = PBXFileReference; lastKnownFileType = sourcecode.swift; path = PhotoDetailsAssembly.swift; sourceTree = "<group>"; };
		FA4A6C982580EE6300B6C3D2 /* PhotoDetailsPresenter.swift */ = {isa = PBXFileReference; lastKnownFileType = sourcecode.swift; path = PhotoDetailsPresenter.swift; sourceTree = "<group>"; };
		FA595884258A3C3600B00619 /* UIDevice+GetOrientation.swift */ = {isa = PBXFileReference; lastKnownFileType = sourcecode.swift; path = "UIDevice+GetOrientation.swift"; sourceTree = "<group>"; };
/* End PBXFileReference section */

/* Begin PBXFrameworksBuildPhase section */
		FA2A202B258A8CEB00979956 /* Frameworks */ = {
			isa = PBXFrameworksBuildPhase;
			buildActionMask = 2147483647;
			files = (
			);
			runOnlyForDeploymentPostprocessing = 0;
		};
		FA2A9CF1258BC56C001DA373 /* Frameworks */ = {
			isa = PBXFrameworksBuildPhase;
			buildActionMask = 2147483647;
			files = (
			);
			runOnlyForDeploymentPostprocessing = 0;
		};
		FA434F02257FA102008A399A /* Frameworks */ = {
			isa = PBXFrameworksBuildPhase;
			buildActionMask = 2147483647;
			files = (
			);
			runOnlyForDeploymentPostprocessing = 0;
		};
/* End PBXFrameworksBuildPhase section */

/* Begin PBXGroup section */
		FA2A202F258A8CEB00979956 /* MVPFirstUnitTests */ = {
			isa = PBXGroup;
			children = (
				FA2A2038258A920000979956 /* Fakes */,
				FA2A2030258A8CEB00979956 /* ApiManagerTests.swift */,
				FA2A2045258AA48D00979956 /* ApiImageDownloaderTests.swift */,
				FA2A2047258AA79800979956 /* ResponseDecoderTests.swift */,
				FA3A00E7258B7212009C8E5C /* PhotosDaoTests.swift */,
				FA3A00E9258B78E9009C8E5C /* PhotoDetailsViewControllerTests.swift */,
				FA3A00EB258B8712009C8E5C /* PhotoDetailsPresenterTests.swift */,
				FA3A00EE258B8F6F009C8E5C /* PhotoDetailsAssemblyTests.swift */,
				FA3A00F0258B92FA009C8E5C /* PhotosListViewControllerTests.swift */,
				FA2A9CEC258BA6D7001DA373 /* PhotosListPresenterTests.swift */,
				FA2A9CEE258BB095001DA373 /* PhotosListAssemblyTests.swift */,
				FA3A00DE258B6F11009C8E5C /* PhotoResponse.json */,
				FA3A00DD258B6F11009C8E5C /* PhotosResponse.json */,
				FA2A2032258A8CEB00979956 /* Info.plist */,
			);
			path = MVPFirstUnitTests;
			sourceTree = "<group>";
		};
		FA2A2038258A920000979956 /* Fakes */ = {
			isa = PBXGroup;
			children = (
				FA2A2039258A92A500979956 /* ApiManagerTestFake.swift */,
				FA2A2041258AA0CF00979956 /* ApiImageDownloaderTestFake.swift */,
			);
			path = Fakes;
			sourceTree = "<group>";
		};
		FA2A9CF5258BC56C001DA373 /* MVPFirstUITests */ = {
			isa = PBXGroup;
			children = (
				FA2A9CF6258BC56C001DA373 /* PhotosListViewControllerTests.swift */,
				FA2A9CFE258BDFF6001DA373 /* PhotoDetailsViewControllerTests.swift */,
				FA2A9CF8258BC56C001DA373 /* Info.plist */,
			);
			path = MVPFirstUITests;
			sourceTree = "<group>";
		};
		FA434EFC257FA102008A399A = {
			isa = PBXGroup;
			children = (
				FA434F07257FA102008A399A /* MVPFirst */,
				FA2A202F258A8CEB00979956 /* MVPFirstUnitTests */,
				FA2A9CF5258BC56C001DA373 /* MVPFirstUITests */,
				FA434F06257FA102008A399A /* Products */,
			);
			sourceTree = "<group>";
		};
		FA434F06257FA102008A399A /* Products */ = {
			isa = PBXGroup;
			children = (
				FA434F05257FA102008A399A /* MVPFirst.app */,
				FA2A202E258A8CEB00979956 /* MVPFirstUnitTests.xctest */,
				FA2A9CF4258BC56C001DA373 /* MVPFirstUITests.xctest */,
			);
			name = Products;
			sourceTree = "<group>";
		};
		FA434F07257FA102008A399A /* MVPFirst */ = {
			isa = PBXGroup;
			children = (
				FA434F08257FA102008A399A /* AppDelegate.swift */,
				FA434F22257FB60E008A399A /* Services */,
				FA434F21257FB603008A399A /* Models */,
				FA434F41257FEDD1008A399A /* UIComponents */,
				FA434F20257FB5F7008A399A /* Screens */,
				FA434F1F257FB5EA008A399A /* Extensions */,
				FA434F1E257FB5CA008A399A /* Resources */,
			);
			path = MVPFirst;
			sourceTree = "<group>";
		};
		FA434F1E257FB5CA008A399A /* Resources */ = {
			isa = PBXGroup;
			children = (
				FA434F11257FA106008A399A /* Assets.xcassets */,
				FA434F13257FA106008A399A /* LaunchScreen.storyboard */,
				FA434F16257FA106008A399A /* Info.plist */,
			);
			path = Resources;
			sourceTree = "<group>";
		};
		FA434F1F257FB5EA008A399A /* Extensions */ = {
			isa = PBXGroup;
			children = (
				FA434F44257FEE5D008A399A /* UITableView+DequeByType.swift */,
				FA595884258A3C3600B00619 /* UIDevice+GetOrientation.swift */,
			);
			path = Extensions;
			sourceTree = "<group>";
		};
		FA434F20257FB5F7008A399A /* Screens */ = {
			isa = PBXGroup;
			children = (
				FA4A6C912580E98900B6C3D2 /* PhotoDetails */,
				FA434F23257FB70F008A399A /* PhotosList */,
			);
			path = Screens;
			sourceTree = "<group>";
		};
		FA434F21257FB603008A399A /* Models */ = {
			isa = PBXGroup;
			children = (
				FA434F2E257FBD2D008A399A /* Photo.swift */,
				FA434F35257FC412008A399A /* Errors.swift */,
			);
			path = Models;
			sourceTree = "<group>";
		};
		FA434F22257FB60E008A399A /* Services */ = {
			isa = PBXGroup;
			children = (
				FA434F30257FC107008A399A /* ApiManager.swift */,
				FA434F3E257FD31F008A399A /* ApiImageDownloader.swift */,
				FA434F39257FC49F008A399A /* ResponseDecoder.swift */,
				FA434F37257FC464008A399A /* PhotosDao.swift */,
			);
			path = Services;
			sourceTree = "<group>";
		};
		FA434F23257FB70F008A399A /* PhotosList */ = {
			isa = PBXGroup;
			children = (
				FA434F0C257FA102008A399A /* PhotosListViewController.swift */,
				FA434F2C257FBA3A008A399A /* PhotosListPresenter.swift */,
				FA434F24257FB75E008A399A /* PhotosListAssembly.swift */,
				FA434F46257FF8CC008A399A /* PhotoListItem.swift */,
			);
			path = PhotosList;
			sourceTree = "<group>";
		};
		FA434F41257FEDD1008A399A /* UIComponents */ = {
			isa = PBXGroup;
			children = (
				FA434F42257FEE00008A399A /* PhotoTableViewCell.swift */,
			);
			path = UIComponents;
			sourceTree = "<group>";
		};
		FA4A6C912580E98900B6C3D2 /* PhotoDetails */ = {
			isa = PBXGroup;
			children = (
				FA4A6C922580E9AB00B6C3D2 /* PhotoDetailsViewController.swift */,
				FA4A6C982580EE6300B6C3D2 /* PhotoDetailsPresenter.swift */,
				FA4A6C962580EB3E00B6C3D2 /* PhotoDetailsAssembly.swift */,
				FA4A6C942580E9CF00B6C3D2 /* PhotoDetails.swift */,
			);
			path = PhotoDetails;
			sourceTree = "<group>";
		};
/* End PBXGroup section */

/* Begin PBXNativeTarget section */
		FA2A202D258A8CEB00979956 /* MVPFirstUnitTests */ = {
			isa = PBXNativeTarget;
			buildConfigurationList = FA2A2035258A8CEB00979956 /* Build configuration list for PBXNativeTarget "MVPFirstUnitTests" */;
			buildPhases = (
				FA2A202A258A8CEB00979956 /* Sources */,
				FA2A202B258A8CEB00979956 /* Frameworks */,
				FA2A202C258A8CEB00979956 /* Resources */,
			);
			buildRules = (
			);
			dependencies = (
				FA2A2034258A8CEB00979956 /* PBXTargetDependency */,
			);
			name = MVPFirstUnitTests;
			productName = MVPFirstUnitTests;
			productReference = FA2A202E258A8CEB00979956 /* MVPFirstUnitTests.xctest */;
			productType = "com.apple.product-type.bundle.unit-test";
		};
		FA2A9CF3258BC56C001DA373 /* MVPFirstUITests */ = {
			isa = PBXNativeTarget;
			buildConfigurationList = FA2A9CFD258BC56C001DA373 /* Build configuration list for PBXNativeTarget "MVPFirstUITests" */;
			buildPhases = (
				FA2A9CF0258BC56C001DA373 /* Sources */,
				FA2A9CF1258BC56C001DA373 /* Frameworks */,
				FA2A9CF2258BC56C001DA373 /* Resources */,
			);
			buildRules = (
			);
			dependencies = (
				FA2A9CFA258BC56C001DA373 /* PBXTargetDependency */,
			);
			name = MVPFirstUITests;
			productName = MVPFirstUITests;
			productReference = FA2A9CF4258BC56C001DA373 /* MVPFirstUITests.xctest */;
			productType = "com.apple.product-type.bundle.ui-testing";
		};
		FA434F04257FA102008A399A /* MVPFirst */ = {
			isa = PBXNativeTarget;
			buildConfigurationList = FA434F19257FA106008A399A /* Build configuration list for PBXNativeTarget "MVPFirst" */;
			buildPhases = (
				FA434F01257FA102008A399A /* Sources */,
				FA434F02257FA102008A399A /* Frameworks */,
				FA434F03257FA102008A399A /* Resources */,
			);
			buildRules = (
			);
			dependencies = (
			);
			name = MVPFirst;
			productName = MVPFirst;
			productReference = FA434F05257FA102008A399A /* MVPFirst.app */;
			productType = "com.apple.product-type.application";
		};
/* End PBXNativeTarget section */

/* Begin PBXProject section */
		FA434EFD257FA102008A399A /* Project object */ = {
			isa = PBXProject;
			attributes = {
				LastSwiftUpdateCheck = 1170;
				LastUpgradeCheck = 1170;
				ORGANIZATIONNAME = Alex;
				TargetAttributes = {
					FA2A202D258A8CEB00979956 = {
						CreatedOnToolsVersion = 11.7;
						TestTargetID = FA434F04257FA102008A399A;
					};
					FA2A9CF3258BC56C001DA373 = {
						CreatedOnToolsVersion = 11.7;
						TestTargetID = FA434F04257FA102008A399A;
					};
					FA434F04257FA102008A399A = {
						CreatedOnToolsVersion = 11.7;
					};
				};
			};
			buildConfigurationList = FA434F00257FA102008A399A /* Build configuration list for PBXProject "MVPFirst" */;
			compatibilityVersion = "Xcode 9.3";
			developmentRegion = en;
			hasScannedForEncodings = 0;
			knownRegions = (
				en,
				Base,
			);
			mainGroup = FA434EFC257FA102008A399A;
			productRefGroup = FA434F06257FA102008A399A /* Products */;
			projectDirPath = "";
			projectRoot = "";
			targets = (
				FA434F04257FA102008A399A /* MVPFirst */,
				FA2A202D258A8CEB00979956 /* MVPFirstUnitTests */,
				FA2A9CF3258BC56C001DA373 /* MVPFirstUITests */,
			);
		};
/* End PBXProject section */

/* Begin PBXResourcesBuildPhase section */
		FA2A202C258A8CEB00979956 /* Resources */ = {
			isa = PBXResourcesBuildPhase;
			buildActionMask = 2147483647;
			files = (
				FA3A00E0258B6F11009C8E5C /* PhotosResponse.json in Resources */,
				FA3A00E1258B6F11009C8E5C /* PhotoResponse.json in Resources */,
			);
			runOnlyForDeploymentPostprocessing = 0;
		};
		FA2A9CF2258BC56C001DA373 /* Resources */ = {
			isa = PBXResourcesBuildPhase;
			buildActionMask = 2147483647;
			files = (
			);
			runOnlyForDeploymentPostprocessing = 0;
		};
		FA434F03257FA102008A399A /* Resources */ = {
			isa = PBXResourcesBuildPhase;
			buildActionMask = 2147483647;
			files = (
				FA434F15257FA106008A399A /* LaunchScreen.storyboard in Resources */,
				FA434F12257FA106008A399A /* Assets.xcassets in Resources */,
				FA3A00E6258B6FD0009C8E5C /* PhotosResponse.json in Resources */,
				FA3A00E5258B6FCE009C8E5C /* PhotoResponse.json in Resources */,
			);
			runOnlyForDeploymentPostprocessing = 0;
		};
/* End PBXResourcesBuildPhase section */

/* Begin PBXSourcesBuildPhase section */
		FA2A202A258A8CEB00979956 /* Sources */ = {
			isa = PBXSourcesBuildPhase;
			buildActionMask = 2147483647;
			files = (
				FA2A2048258AA79800979956 /* ResponseDecoderTests.swift in Sources */,
				FA3A00E8258B7212009C8E5C /* PhotosDaoTests.swift in Sources */,
				FA2A9CED258BA6D7001DA373 /* PhotosListPresenterTests.swift in Sources */,
				FA3A00EA258B78E9009C8E5C /* PhotoDetailsViewControllerTests.swift in Sources */,
				FA2A9CEF258BB095001DA373 /* PhotosListAssemblyTests.swift in Sources */,
				FA2A2042258AA0CF00979956 /* ApiImageDownloaderTestFake.swift in Sources */,
				FA3A00EC258B8712009C8E5C /* PhotoDetailsPresenterTests.swift in Sources */,
				FA2A2031258A8CEB00979956 /* ApiManagerTests.swift in Sources */,
				FA2A203A258A92A500979956 /* ApiManagerTestFake.swift in Sources */,
				FA3A00EF258B8F6F009C8E5C /* PhotoDetailsAssemblyTests.swift in Sources */,
				FA2A2046258AA48D00979956 /* ApiImageDownloaderTests.swift in Sources */,
				FA3A00F1258B92FA009C8E5C /* PhotosListViewControllerTests.swift in Sources */,
			);
			runOnlyForDeploymentPostprocessing = 0;
		};
		FA2A9CF0258BC56C001DA373 /* Sources */ = {
			isa = PBXSourcesBuildPhase;
			buildActionMask = 2147483647;
			files = (
				FA2A9CFF258BDFF6001DA373 /* PhotoDetailsViewControllerTests.swift in Sources */,
				FA2A9CF7258BC56C001DA373 /* PhotosListViewControllerTests.swift in Sources */,
			);
			runOnlyForDeploymentPostprocessing = 0;
		};
		FA434F01257FA102008A399A /* Sources */ = {
			isa = PBXSourcesBuildPhase;
			buildActionMask = 2147483647;
			files = (
				FA434F0D257FA102008A399A /* PhotosListViewController.swift in Sources */,
				FA434F2D257FBA3A008A399A /* PhotosListPresenter.swift in Sources */,
				FA4A6C952580E9CF00B6C3D2 /* PhotoDetails.swift in Sources */,
				FA434F45257FEE5D008A399A /* UITableView+DequeByType.swift in Sources */,
				FA434F43257FEE00008A399A /* PhotoTableViewCell.swift in Sources */,
				FA434F25257FB75E008A399A /* PhotosListAssembly.swift in Sources */,
				FA4A6C992580EE6300B6C3D2 /* PhotoDetailsPresenter.swift in Sources */,
				FA4A6C972580EB3E00B6C3D2 /* PhotoDetailsAssembly.swift in Sources */,
				FA434F31257FC107008A399A /* ApiManager.swift in Sources */,
				FA434F47257FF8CC008A399A /* PhotoListItem.swift in Sources */,
				FA434F36257FC412008A399A /* Errors.swift in Sources */,
				FA595885258A3C3600B00619 /* UIDevice+GetOrientation.swift in Sources */,
				FA434F3A257FC49F008A399A /* ResponseDecoder.swift in Sources */,
				FA434F38257FC464008A399A /* PhotosDao.swift in Sources */,
				FA4A6C932580E9AB00B6C3D2 /* PhotoDetailsViewController.swift in Sources */,
				FA434F2F257FBD2D008A399A /* Photo.swift in Sources */,
				FA434F09257FA102008A399A /* AppDelegate.swift in Sources */,
				FA434F3F257FD31F008A399A /* ApiImageDownloader.swift in Sources */,
			);
			runOnlyForDeploymentPostprocessing = 0;
		};
/* End PBXSourcesBuildPhase section */

/* Begin PBXTargetDependency section */
		FA2A2034258A8CEB00979956 /* PBXTargetDependency */ = {
			isa = PBXTargetDependency;
			target = FA434F04257FA102008A399A /* MVPFirst */;
			targetProxy = FA2A2033258A8CEB00979956 /* PBXContainerItemProxy */;
		};
		FA2A9CFA258BC56C001DA373 /* PBXTargetDependency */ = {
			isa = PBXTargetDependency;
			target = FA434F04257FA102008A399A /* MVPFirst */;
			targetProxy = FA2A9CF9258BC56C001DA373 /* PBXContainerItemProxy */;
		};
/* End PBXTargetDependency section */

/* Begin PBXVariantGroup section */
		FA434F13257FA106008A399A /* LaunchScreen.storyboard */ = {
			isa = PBXVariantGroup;
			children = (
				FA434F14257FA106008A399A /* Base */,
			);
			name = LaunchScreen.storyboard;
			sourceTree = "<group>";
		};
/* End PBXVariantGroup section */

/* Begin XCBuildConfiguration section */
		FA2A2036258A8CEB00979956 /* Debug */ = {
			isa = XCBuildConfiguration;
			buildSettings = {
				BUNDLE_LOADER = "$(TEST_HOST)";
				CODE_SIGN_STYLE = Automatic;
				INFOPLIST_FILE = MVPFirstUnitTests/Info.plist;
				LD_RUNPATH_SEARCH_PATHS = (
					"$(inherited)",
					"@executable_path/Frameworks",
					"@loader_path/Frameworks",
				);
				PRODUCT_BUNDLE_IDENTIFIER = com.alexboiarchuk.MVPFirstUnitTests;
				PRODUCT_NAME = "$(TARGET_NAME)";
				SWIFT_VERSION = 5.0;
				TARGETED_DEVICE_FAMILY = "1,2";
				TEST_HOST = "$(BUILT_PRODUCTS_DIR)/MVPFirst.app/MVPFirst";
			};
			name = Debug;
		};
		FA2A2037258A8CEB00979956 /* Release */ = {
			isa = XCBuildConfiguration;
			buildSettings = {
				BUNDLE_LOADER = "$(TEST_HOST)";
				CODE_SIGN_STYLE = Automatic;
				INFOPLIST_FILE = MVPFirstUnitTests/Info.plist;
				LD_RUNPATH_SEARCH_PATHS = (
					"$(inherited)",
					"@executable_path/Frameworks",
					"@loader_path/Frameworks",
				);
				PRODUCT_BUNDLE_IDENTIFIER = com.alexboiarchuk.MVPFirstUnitTests;
				PRODUCT_NAME = "$(TARGET_NAME)";
				SWIFT_VERSION = 5.0;
				TARGETED_DEVICE_FAMILY = "1,2";
				TEST_HOST = "$(BUILT_PRODUCTS_DIR)/MVPFirst.app/MVPFirst";
			};
			name = Release;
		};
		FA2A9CFB258BC56C001DA373 /* Debug */ = {
			isa = XCBuildConfiguration;
			buildSettings = {
				CODE_SIGN_STYLE = Automatic;
				INFOPLIST_FILE = MVPFirstUITests/Info.plist;
				LD_RUNPATH_SEARCH_PATHS = (
					"$(inherited)",
					"@executable_path/Frameworks",
					"@loader_path/Frameworks",
				);
				PRODUCT_BUNDLE_IDENTIFIER = com.alexboiarchuk.MVPFirstUITests;
				PRODUCT_NAME = "$(TARGET_NAME)";
				SWIFT_VERSION = 5.0;
				TARGETED_DEVICE_FAMILY = "1,2";
				TEST_TARGET_NAME = MVPFirst;
			};
			name = Debug;
		};
		FA2A9CFC258BC56C001DA373 /* Release */ = {
			isa = XCBuildConfiguration;
			buildSettings = {
				CODE_SIGN_STYLE = Automatic;
				INFOPLIST_FILE = MVPFirstUITests/Info.plist;
				LD_RUNPATH_SEARCH_PATHS = (
					"$(inherited)",
					"@executable_path/Frameworks",
					"@loader_path/Frameworks",
				);
				PRODUCT_BUNDLE_IDENTIFIER = com.alexboiarchuk.MVPFirstUITests;
				PRODUCT_NAME = "$(TARGET_NAME)";
				SWIFT_VERSION = 5.0;
				TARGETED_DEVICE_FAMILY = "1,2";
				TEST_TARGET_NAME = MVPFirst;
			};
			name = Release;
		};
		FA434F17257FA106008A399A /* Debug */ = {
			isa = XCBuildConfiguration;
			buildSettings = {
				ALWAYS_SEARCH_USER_PATHS = NO;
				CLANG_ANALYZER_NONNULL = YES;
				CLANG_ANALYZER_NUMBER_OBJECT_CONVERSION = YES_AGGRESSIVE;
				CLANG_CXX_LANGUAGE_STANDARD = "gnu++14";
				CLANG_CXX_LIBRARY = "libc++";
				CLANG_ENABLE_MODULES = YES;
				CLANG_ENABLE_OBJC_ARC = YES;
				CLANG_ENABLE_OBJC_WEAK = YES;
				CLANG_WARN_BLOCK_CAPTURE_AUTORELEASING = YES;
				CLANG_WARN_BOOL_CONVERSION = YES;
				CLANG_WARN_COMMA = YES;
				CLANG_WARN_CONSTANT_CONVERSION = YES;
				CLANG_WARN_DEPRECATED_OBJC_IMPLEMENTATIONS = YES;
				CLANG_WARN_DIRECT_OBJC_ISA_USAGE = YES_ERROR;
				CLANG_WARN_DOCUMENTATION_COMMENTS = YES;
				CLANG_WARN_EMPTY_BODY = YES;
				CLANG_WARN_ENUM_CONVERSION = YES;
				CLANG_WARN_INFINITE_RECURSION = YES;
				CLANG_WARN_INT_CONVERSION = YES;
				CLANG_WARN_NON_LITERAL_NULL_CONVERSION = YES;
				CLANG_WARN_OBJC_IMPLICIT_RETAIN_SELF = YES;
				CLANG_WARN_OBJC_LITERAL_CONVERSION = YES;
				CLANG_WARN_OBJC_ROOT_CLASS = YES_ERROR;
				CLANG_WARN_RANGE_LOOP_ANALYSIS = YES;
				CLANG_WARN_STRICT_PROTOTYPES = YES;
				CLANG_WARN_SUSPICIOUS_MOVE = YES;
				CLANG_WARN_UNGUARDED_AVAILABILITY = YES_AGGRESSIVE;
				CLANG_WARN_UNREACHABLE_CODE = YES;
				CLANG_WARN__DUPLICATE_METHOD_MATCH = YES;
				COPY_PHASE_STRIP = NO;
				DEBUG_INFORMATION_FORMAT = dwarf;
				ENABLE_STRICT_OBJC_MSGSEND = YES;
				ENABLE_TESTABILITY = YES;
				GCC_C_LANGUAGE_STANDARD = gnu11;
				GCC_DYNAMIC_NO_PIC = NO;
				GCC_NO_COMMON_BLOCKS = YES;
				GCC_OPTIMIZATION_LEVEL = 0;
				GCC_PREPROCESSOR_DEFINITIONS = (
					"DEBUG=1",
					"$(inherited)",
				);
				GCC_WARN_64_TO_32_BIT_CONVERSION = YES;
				GCC_WARN_ABOUT_RETURN_TYPE = YES_ERROR;
				GCC_WARN_UNDECLARED_SELECTOR = YES;
				GCC_WARN_UNINITIALIZED_AUTOS = YES_AGGRESSIVE;
				GCC_WARN_UNUSED_FUNCTION = YES;
				GCC_WARN_UNUSED_VARIABLE = YES;
				IPHONEOS_DEPLOYMENT_TARGET = 13.7;
				MTL_ENABLE_DEBUG_INFO = INCLUDE_SOURCE;
				MTL_FAST_MATH = YES;
				ONLY_ACTIVE_ARCH = YES;
				SDKROOT = iphoneos;
				SWIFT_ACTIVE_COMPILATION_CONDITIONS = DEBUG;
				SWIFT_OPTIMIZATION_LEVEL = "-Onone";
			};
			name = Debug;
		};
		FA434F18257FA106008A399A /* Release */ = {
			isa = XCBuildConfiguration;
			buildSettings = {
				ALWAYS_SEARCH_USER_PATHS = NO;
				CLANG_ANALYZER_NONNULL = YES;
				CLANG_ANALYZER_NUMBER_OBJECT_CONVERSION = YES_AGGRESSIVE;
				CLANG_CXX_LANGUAGE_STANDARD = "gnu++14";
				CLANG_CXX_LIBRARY = "libc++";
				CLANG_ENABLE_MODULES = YES;
				CLANG_ENABLE_OBJC_ARC = YES;
				CLANG_ENABLE_OBJC_WEAK = YES;
				CLANG_WARN_BLOCK_CAPTURE_AUTORELEASING = YES;
				CLANG_WARN_BOOL_CONVERSION = YES;
				CLANG_WARN_COMMA = YES;
				CLANG_WARN_CONSTANT_CONVERSION = YES;
				CLANG_WARN_DEPRECATED_OBJC_IMPLEMENTATIONS = YES;
				CLANG_WARN_DIRECT_OBJC_ISA_USAGE = YES_ERROR;
				CLANG_WARN_DOCUMENTATION_COMMENTS = YES;
				CLANG_WARN_EMPTY_BODY = YES;
				CLANG_WARN_ENUM_CONVERSION = YES;
				CLANG_WARN_INFINITE_RECURSION = YES;
				CLANG_WARN_INT_CONVERSION = YES;
				CLANG_WARN_NON_LITERAL_NULL_CONVERSION = YES;
				CLANG_WARN_OBJC_IMPLICIT_RETAIN_SELF = YES;
				CLANG_WARN_OBJC_LITERAL_CONVERSION = YES;
				CLANG_WARN_OBJC_ROOT_CLASS = YES_ERROR;
				CLANG_WARN_RANGE_LOOP_ANALYSIS = YES;
				CLANG_WARN_STRICT_PROTOTYPES = YES;
				CLANG_WARN_SUSPICIOUS_MOVE = YES;
				CLANG_WARN_UNGUARDED_AVAILABILITY = YES_AGGRESSIVE;
				CLANG_WARN_UNREACHABLE_CODE = YES;
				CLANG_WARN__DUPLICATE_METHOD_MATCH = YES;
				COPY_PHASE_STRIP = NO;
				DEBUG_INFORMATION_FORMAT = "dwarf-with-dsym";
				ENABLE_NS_ASSERTIONS = NO;
				ENABLE_STRICT_OBJC_MSGSEND = YES;
				GCC_C_LANGUAGE_STANDARD = gnu11;
				GCC_NO_COMMON_BLOCKS = YES;
				GCC_WARN_64_TO_32_BIT_CONVERSION = YES;
				GCC_WARN_ABOUT_RETURN_TYPE = YES_ERROR;
				GCC_WARN_UNDECLARED_SELECTOR = YES;
				GCC_WARN_UNINITIALIZED_AUTOS = YES_AGGRESSIVE;
				GCC_WARN_UNUSED_FUNCTION = YES;
				GCC_WARN_UNUSED_VARIABLE = YES;
				IPHONEOS_DEPLOYMENT_TARGET = 13.7;
				MTL_ENABLE_DEBUG_INFO = NO;
				MTL_FAST_MATH = YES;
				SDKROOT = iphoneos;
				SWIFT_COMPILATION_MODE = wholemodule;
				SWIFT_OPTIMIZATION_LEVEL = "-O";
				VALIDATE_PRODUCT = YES;
			};
			name = Release;
		};
		FA434F1A257FA106008A399A /* Debug */ = {
			isa = XCBuildConfiguration;
			buildSettings = {
				ASSETCATALOG_COMPILER_APPICON_NAME = AppIcon;
				CODE_SIGN_STYLE = Automatic;
				INFOPLIST_FILE = MVPFirst/Resources/Info.plist;
				LD_RUNPATH_SEARCH_PATHS = (
					"$(inherited)",
					"@executable_path/Frameworks",
				);
				PRODUCT_BUNDLE_IDENTIFIER = com.alexboiarchuk.MVPFirst;
				PRODUCT_NAME = "$(TARGET_NAME)";
				SWIFT_VERSION = 5.0;
				TARGETED_DEVICE_FAMILY = "1,2";
			};
			name = Debug;
		};
		FA434F1B257FA106008A399A /* Release */ = {
			isa = XCBuildConfiguration;
			buildSettings = {
				ASSETCATALOG_COMPILER_APPICON_NAME = AppIcon;
				CODE_SIGN_STYLE = Automatic;
				INFOPLIST_FILE = MVPFirst/Resources/Info.plist;
				LD_RUNPATH_SEARCH_PATHS = (
					"$(inherited)",
					"@executable_path/Frameworks",
				);
				PRODUCT_BUNDLE_IDENTIFIER = com.alexboiarchuk.MVPFirst;
				PRODUCT_NAME = "$(TARGET_NAME)";
				SWIFT_VERSION = 5.0;
				TARGETED_DEVICE_FAMILY = "1,2";
			};
			name = Release;
		};
/* End XCBuildConfiguration section */

/* Begin XCConfigurationList section */
		FA2A2035258A8CEB00979956 /* Build configuration list for PBXNativeTarget "MVPFirstUnitTests" */ = {
			isa = XCConfigurationList;
			buildConfigurations = (
				FA2A2036258A8CEB00979956 /* Debug */,
				FA2A2037258A8CEB00979956 /* Release */,
			);
			defaultConfigurationIsVisible = 0;
			defaultConfigurationName = Release;
		};
		FA2A9CFD258BC56C001DA373 /* Build configuration list for PBXNativeTarget "MVPFirstUITests" */ = {
			isa = XCConfigurationList;
			buildConfigurations = (
				FA2A9CFB258BC56C001DA373 /* Debug */,
				FA2A9CFC258BC56C001DA373 /* Release */,
			);
			defaultConfigurationIsVisible = 0;
			defaultConfigurationName = Release;
		};
		FA434F00257FA102008A399A /* Build configuration list for PBXProject "MVPFirst" */ = {
			isa = XCConfigurationList;
			buildConfigurations = (
				FA434F17257FA106008A399A /* Debug */,
				FA434F18257FA106008A399A /* Release */,
			);
			defaultConfigurationIsVisible = 0;
			defaultConfigurationName = Release;
		};
		FA434F19257FA106008A399A /* Build configuration list for PBXNativeTarget "MVPFirst" */ = {
			isa = XCConfigurationList;
			buildConfigurations = (
				FA434F1A257FA106008A399A /* Debug */,
				FA434F1B257FA106008A399A /* Release */,
			);
			defaultConfigurationIsVisible = 0;
			defaultConfigurationName = Release;
		};
/* End XCConfigurationList section */
	};
	rootObject = FA434EFD257FA102008A399A /* Project object */;
}
